
Microsoft Visual Studio Solution File, Format Version 12.00
# Visual Studio Version 16
VisualStudioVersion = 16.0.30711.63
MinimumVisualStudioVersion = 10.0.40219.1
Project("{F2A71F9B-5D33-465A-A702-920D77279786}") = "Day01", "Day01\Day01.fsproj", "{A8C4E0AA-BB6A-4224-8C85-4AF6FA3E2E31}"
EndProject
Global
	GlobalSection(SolutionConfigurationPlatforms) = preSolution
		Debug|Any CPU = Debug|Any CPU
		Release|Any CPU = Release|Any CPU
	EndGlobalSection
	GlobalSection(ProjectConfigurationPlatforms) = postSolution
		{A8C4E0AA-BB6A-4224-8C85-4AF6FA3E2E31}.Debug|Any CPU.ActiveCfg = Debug|Any CPU
		{A8C4E0AA-BB6A-4224-8C85-4AF6FA3E2E31}.Debug|Any CPU.Build.0 = Debug|Any CPU
		{A8C4E0AA-BB6A-4224-8C85-4AF6FA3E2E31}.Release|Any CPU.ActiveCfg = Release|Any CPU
		{A8C4E0AA-BB6A-4224-8C85-4AF6FA3E2E31}.Release|Any CPU.Build.0 = Release|Any CPU
	EndGlobalSection
	GlobalSection(SolutionProperties) = preSolution
		HideSolutionNode = FALSE
	EndGlobalSection
	GlobalSection(ExtensibilityGlobals) = postSolution
		SolutionGuid = {002A1A4B-818F-4592-9939-066E45925CAF}
	EndGlobalSection
EndGlobal
